
Microsoft Visual Studio Solution File, Format Version 12.00
# Visual Studio 15
VisualStudioVersion = 15.0.26730.16
MinimumVisualStudioVersion = 10.0.40219.1
Project("{FAE04EC0-301F-11D3-BF4B-00C04F79EFBC}") = "CodingDojo6", "CodingDojo6\CodingDojo6.csproj", "{4546AD0F-0DD5-44FD-820C-FABE9F1AB5F8}"
EndProject
Global
	GlobalSection(SolutionConfigurationPlatforms) = preSolution
		Debug|Any CPU = Debug|Any CPU
		Release|Any CPU = Release|Any CPU
	EndGlobalSection
	GlobalSection(ProjectConfigurationPlatforms) = postSolution
		{4546AD0F-0DD5-44FD-820C-FABE9F1AB5F8}.Debug|Any CPU.ActiveCfg = Debug|Any CPU
		{4546AD0F-0DD5-44FD-820C-FABE9F1AB5F8}.Debug|Any CPU.Build.0 = Debug|Any CPU
		{4546AD0F-0DD5-44FD-820C-FABE9F1AB5F8}.Release|Any CPU.ActiveCfg = Release|Any CPU
		{4546AD0F-0DD5-44FD-820C-FABE9F1AB5F8}.Release|Any CPU.Build.0 = Release|Any CPU
	EndGlobalSection
	GlobalSection(SolutionProperties) = preSolution
		HideSolutionNode = FALSE
	EndGlobalSection
	GlobalSection(ExtensibilityGlobals) = postSolution
		SolutionGuid = {C9AD3847-40F3-4876-8C12-66FBE514643E}
	EndGlobalSection
EndGlobal
